
Microsoft Visual Studio Solution File, Format Version 12.00
# Visual Studio 2017
Project("{FAE04EC0-301F-11D3-BF4B-00C04F79EFBC}") = "RobinHood.Plugins", "RobinHood.Plugins.csproj", "{746067A2-9B57-3425-408C-71EB581A18CE}"
EndProject
Project("{FAE04EC0-301F-11D3-BF4B-00C04F79EFBC}") = "RobinHood", "RobinHood.csproj", "{E0134B93-78FE-B582-5399-839C252890A2}"
EndProject
Project("{FAE04EC0-301F-11D3-BF4B-00C04F79EFBC}") = "RobinHood.Editor.Plugins", "RobinHood.Editor.Plugins.csproj", "{7EA7FDD0-0166-B082-6DAA-2F25C6ECCDB2}"
EndProject
Project("{FAE04EC0-301F-11D3-BF4B-00C04F79EFBC}") = "RobinHood.Editor", "RobinHood.Editor.csproj", "{8C8624E0-E651-053A-7365-A2AA4D3DC2CD}"
EndProject
Global
	GlobalSection(SolutionConfigurationPlatforms) = preSolution
		Debug|Any CPU = Debug|Any CPU
		Release|Any CPU = Release|Any CPU
	EndGlobalSection
	GlobalSection(ProjectConfigurationPlatforms) = postSolution
		{746067A2-9B57-3425-408C-71EB581A18CE}.Debug|Any CPU.ActiveCfg = Debug|Any CPU
		{746067A2-9B57-3425-408C-71EB581A18CE}.Debug|Any CPU.Build.0 = Debug|Any CPU
		{746067A2-9B57-3425-408C-71EB581A18CE}.Release|Any CPU.ActiveCfg = Release|Any CPU
		{746067A2-9B57-3425-408C-71EB581A18CE}.Release|Any CPU.Build.0 = Release|Any CPU
		{E0134B93-78FE-B582-5399-839C252890A2}.Debug|Any CPU.ActiveCfg = Debug|Any CPU
		{E0134B93-78FE-B582-5399-839C252890A2}.Debug|Any CPU.Build.0 = Debug|Any CPU
		{E0134B93-78FE-B582-5399-839C252890A2}.Release|Any CPU.ActiveCfg = Release|Any CPU
		{E0134B93-78FE-B582-5399-839C252890A2}.Release|Any CPU.Build.0 = Release|Any CPU
		{7EA7FDD0-0166-B082-6DAA-2F25C6ECCDB2}.Debug|Any CPU.ActiveCfg = Debug|Any CPU
		{7EA7FDD0-0166-B082-6DAA-2F25C6ECCDB2}.Debug|Any CPU.Build.0 = Debug|Any CPU
		{7EA7FDD0-0166-B082-6DAA-2F25C6ECCDB2}.Release|Any CPU.ActiveCfg = Release|Any CPU
		{7EA7FDD0-0166-B082-6DAA-2F25C6ECCDB2}.Release|Any CPU.Build.0 = Release|Any CPU
		{8C8624E0-E651-053A-7365-A2AA4D3DC2CD}.Debug|Any CPU.ActiveCfg = Debug|Any CPU
		{8C8624E0-E651-053A-7365-A2AA4D3DC2CD}.Debug|Any CPU.Build.0 = Debug|Any CPU
		{8C8624E0-E651-053A-7365-A2AA4D3DC2CD}.Release|Any CPU.ActiveCfg = Release|Any CPU
		{8C8624E0-E651-053A-7365-A2AA4D3DC2CD}.Release|Any CPU.Build.0 = Release|Any CPU
	EndGlobalSection
	GlobalSection(SolutionProperties) = preSolution
		HideSolutionNode = FALSE
	EndGlobalSection
EndGlobal
